
Microsoft Visual Studio Solution File, Format Version 12.00
# Visual Studio 2017
Project("{FAE04EC0-301F-11D3-BF4B-00C04F79EFBC}") = "RayCast", "RayCast.csproj", "{7BD9E42C-4697-5A44-DCEF-B6B3667ECB1F}"
EndProject
Project("{FAE04EC0-301F-11D3-BF4B-00C04F79EFBC}") = "RayCast.Plugins", "RayCast.Plugins.csproj", "{8623AB8A-ABC4-722C-393C-74AD6C5DD8B1}"
EndProject
Project("{FAE04EC0-301F-11D3-BF4B-00C04F79EFBC}") = "RayCast.Editor.Plugins", "RayCast.Editor.Plugins.csproj", "{5ACBF612-6E4B-293F-034D-4A976D69B445}"
EndProject
Global
	GlobalSection(SolutionConfigurationPlatforms) = preSolution
		Debug|Any CPU = Debug|Any CPU
		Release|Any CPU = Release|Any CPU
	EndGlobalSection
	GlobalSection(ProjectConfigurationPlatforms) = postSolution
		{7BD9E42C-4697-5A44-DCEF-B6B3667ECB1F}.Debug|Any CPU.ActiveCfg = Debug|Any CPU
		{7BD9E42C-4697-5A44-DCEF-B6B3667ECB1F}.Debug|Any CPU.Build.0 = Debug|Any CPU
		{7BD9E42C-4697-5A44-DCEF-B6B3667ECB1F}.Release|Any CPU.ActiveCfg = Release|Any CPU
		{7BD9E42C-4697-5A44-DCEF-B6B3667ECB1F}.Release|Any CPU.Build.0 = Release|Any CPU
		{8623AB8A-ABC4-722C-393C-74AD6C5DD8B1}.Debug|Any CPU.ActiveCfg = Debug|Any CPU
		{8623AB8A-ABC4-722C-393C-74AD6C5DD8B1}.Debug|Any CPU.Build.0 = Debug|Any CPU
		{8623AB8A-ABC4-722C-393C-74AD6C5DD8B1}.Release|Any CPU.ActiveCfg = Release|Any CPU
		{8623AB8A-ABC4-722C-393C-74AD6C5DD8B1}.Release|Any CPU.Build.0 = Release|Any CPU
		{5ACBF612-6E4B-293F-034D-4A976D69B445}.Debug|Any CPU.ActiveCfg = Debug|Any CPU
		{5ACBF612-6E4B-293F-034D-4A976D69B445}.Debug|Any CPU.Build.0 = Debug|Any CPU
		{5ACBF612-6E4B-293F-034D-4A976D69B445}.Release|Any CPU.ActiveCfg = Release|Any CPU
		{5ACBF612-6E4B-293F-034D-4A976D69B445}.Release|Any CPU.Build.0 = Release|Any CPU
	EndGlobalSection
	GlobalSection(SolutionProperties) = preSolution
		HideSolutionNode = FALSE
	EndGlobalSection
EndGlobal
